
Microsoft Visual Studio Solution File, Format Version 12.00
# Visual Studio Version 17
VisualStudioVersion = 17.1.32210.238
MinimumVisualStudioVersion = 10.0.40219.1
Project("{FAE04EC0-301F-11D3-BF4B-00C04F79EFBC}") = "CYGLXTStudent", "CYGLXTStudent\CYGLXTStudent.csproj", "{A263A367-AD9D-4703-BA1B-ED866B3DA8F4}"
EndProject
Global
	GlobalSection(SolutionConfigurationPlatforms) = preSolution
		Debug|Any CPU = Debug|Any CPU
		Release|Any CPU = Release|Any CPU
	EndGlobalSection
	GlobalSection(ProjectConfigurationPlatforms) = postSolution
		{A263A367-AD9D-4703-BA1B-ED866B3DA8F4}.Debug|Any CPU.ActiveCfg = Debug|Any CPU
		{A263A367-AD9D-4703-BA1B-ED866B3DA8F4}.Debug|Any CPU.Build.0 = Debug|Any CPU
		{A263A367-AD9D-4703-BA1B-ED866B3DA8F4}.Release|Any CPU.ActiveCfg = Release|Any CPU
		{A263A367-AD9D-4703-BA1B-ED866B3DA8F4}.Release|Any CPU.Build.0 = Release|Any CPU
	EndGlobalSection
	GlobalSection(SolutionProperties) = preSolution
		HideSolutionNode = FALSE
	EndGlobalSection
	GlobalSection(ExtensibilityGlobals) = postSolution
		SolutionGuid = {F6D0C934-6636-4B36-A440-C3B3E2704F63}
	EndGlobalSection
EndGlobal
